
Microsoft Visual Studio Solution File, Format Version 12.00
# Visual Studio Version 17
VisualStudioVersion = 17.3.32901.215
MinimumVisualStudioVersion = 10.0.40219.1
Project("{FAE04EC0-301F-11D3-BF4B-00C04F79EFBC}") = "BegbyWeatherWP", "BegbyWeatherWP\BegbyWeatherWP.csproj", "{5FC086AB-3A49-457A-B2CF-361413CA6BEE}"
EndProject
Project("{FAE04EC0-301F-11D3-BF4B-00C04F79EFBC}") = "BusinessLayer", "BusinessLayer\BusinessLayer.csproj", "{7ABA7644-6D47-4919-8128-AEE18A537AA0}"
EndProject
Project("{FAE04EC0-301F-11D3-BF4B-00C04F79EFBC}") = "BusinessObjects", "BusinessObjects\BusinessObjects.csproj", "{44E0A9C7-916C-4F82-9347-E694A0FE163F}"
EndProject
Project("{FAE04EC0-301F-11D3-BF4B-00C04F79EFBC}") = "DBLayer", "DBLayer\DBLayer.csproj", "{59591D1F-0200-4E30-86C8-45613E5C81EE}"
EndProject
Project("{FAE04EC0-301F-11D3-BF4B-00C04F79EFBC}") = "Harvester", "Harvester\Harvester.csproj", "{0EB4DD32-2503-4359-82F4-F1B25129680F}"
EndProject
Global
	GlobalSection(SolutionConfigurationPlatforms) = preSolution
		Debug|Any CPU = Debug|Any CPU
		Release|Any CPU = Release|Any CPU
	EndGlobalSection
	GlobalSection(ProjectConfigurationPlatforms) = postSolution
		{5FC086AB-3A49-457A-B2CF-361413CA6BEE}.Debug|Any CPU.ActiveCfg = Debug|Any CPU
		{5FC086AB-3A49-457A-B2CF-361413CA6BEE}.Debug|Any CPU.Build.0 = Debug|Any CPU
		{5FC086AB-3A49-457A-B2CF-361413CA6BEE}.Release|Any CPU.ActiveCfg = Release|Any CPU
		{5FC086AB-3A49-457A-B2CF-361413CA6BEE}.Release|Any CPU.Build.0 = Release|Any CPU
		{7ABA7644-6D47-4919-8128-AEE18A537AA0}.Debug|Any CPU.ActiveCfg = Debug|Any CPU
		{7ABA7644-6D47-4919-8128-AEE18A537AA0}.Debug|Any CPU.Build.0 = Debug|Any CPU
		{7ABA7644-6D47-4919-8128-AEE18A537AA0}.Release|Any CPU.ActiveCfg = Release|Any CPU
		{7ABA7644-6D47-4919-8128-AEE18A537AA0}.Release|Any CPU.Build.0 = Release|Any CPU
		{44E0A9C7-916C-4F82-9347-E694A0FE163F}.Debug|Any CPU.ActiveCfg = Debug|Any CPU
		{44E0A9C7-916C-4F82-9347-E694A0FE163F}.Debug|Any CPU.Build.0 = Debug|Any CPU
		{44E0A9C7-916C-4F82-9347-E694A0FE163F}.Release|Any CPU.ActiveCfg = Release|Any CPU
		{44E0A9C7-916C-4F82-9347-E694A0FE163F}.Release|Any CPU.Build.0 = Release|Any CPU
		{59591D1F-0200-4E30-86C8-45613E5C81EE}.Debug|Any CPU.ActiveCfg = Debug|Any CPU
		{59591D1F-0200-4E30-86C8-45613E5C81EE}.Debug|Any CPU.Build.0 = Debug|Any CPU
		{59591D1F-0200-4E30-86C8-45613E5C81EE}.Release|Any CPU.ActiveCfg = Release|Any CPU
		{59591D1F-0200-4E30-86C8-45613E5C81EE}.Release|Any CPU.Build.0 = Release|Any CPU
		{0EB4DD32-2503-4359-82F4-F1B25129680F}.Debug|Any CPU.ActiveCfg = Debug|Any CPU
		{0EB4DD32-2503-4359-82F4-F1B25129680F}.Debug|Any CPU.Build.0 = Debug|Any CPU
		{0EB4DD32-2503-4359-82F4-F1B25129680F}.Release|Any CPU.ActiveCfg = Release|Any CPU
		{0EB4DD32-2503-4359-82F4-F1B25129680F}.Release|Any CPU.Build.0 = Release|Any CPU
	EndGlobalSection
	GlobalSection(SolutionProperties) = preSolution
		HideSolutionNode = FALSE
	EndGlobalSection
	GlobalSection(ExtensibilityGlobals) = postSolution
		SolutionGuid = {309A1FED-67BC-452E-A412-EE9DAB57E01C}
	EndGlobalSection
EndGlobal
